// !$*UTF8*$!
{
	archiveVersion = 1;
	classes = {
	};
	objectVersion = 77;
	objects = {

/* Begin PBXBuildFile section */
		55EEB5352EFFE34000030E2A /* clam_05.png in Resources */ = {isa = PBXBuildFile; fileRef = 55EEB4D32EFFE34000030E2A /* clam_05.png */; };
		55EEB5362EFFE34000030E2A /* stone_white.png in Resources */ = {isa = PBXBuildFile; fileRef = 55EEB4D72EFFE34000030E2A /* stone_white.png */; };
		55EEB5372EFFE34000030E2A /* clam_04.png in Resources */ = {isa = PBXBuildFile; fileRef = 55EEB4D22EFFE34000030E2A /* clam_04.png */; };
		55EEB5382EFFE34000030E2A /* clam_03.png in Resources */ = {isa = PBXBuildFile; fileRef = 55EEB4D12EFFE34000030E2A /* clam_03.png */; };
		55EEB5392EFFE34000030E2A /* go_lid_2.png in Resources */ = {isa = PBXBuildFile; fileRef = 55EEB4D52EFFE34000030E2A /* go_lid_2.png */; };
		55EEB53A2EFFE34000030E2A /* stone_black.png in Resources */ = {isa = PBXBuildFile; fileRef = 55EEB4D62EFFE34000030E2A /* stone_black.png */; };
		55EEB53C2EFFE34000030E2A /* clam_01.png in Resources */ = {isa = PBXBuildFile; fileRef = 55EEB4CF2EFFE34000030E2A /* clam_01.png */; };
		55EEB53D2EFFE34000030E2A /* clam_02.png in Resources */ = {isa = PBXBuildFile; fileRef = 55EEB4D02EFFE34000030E2A /* clam_02.png */; };
		55EEB53E2EFFE34000030E2A /* go_lid_1.png in Resources */ = {isa = PBXBuildFile; fileRef = 55EEB4D42EFFE34000030E2A /* go_lid_1.png */; };
		55EEB53F2EFFE34000030E2A /* board_kaya.jpg in Resources */ = {isa = PBXBuildFile; fileRef = 55EEB4CE2EFFE34000030E2A /* board_kaya.jpg */; };
		55EEB5402EFFE34000030E2A /* tatami.jpg in Resources */ = {isa = PBXBuildFile; fileRef = 55EEB4D82EFFE34000030E2A /* tatami.jpg */; };
		55EEB5772EFFEAC600030E2A /* RightPanelView.swift in Sources */ = {isa = PBXBuildFile; fileRef = 55EEB5702EFFEAC600030E2A /* RightPanelView.swift */; };
		55EEB5782EFFEAC600030E2A /* DiagnosticTests.swift in Sources */ = {isa = PBXBuildFile; fileRef = 55EEB54E2EFFEAC600030E2A /* DiagnosticTests.swift */; };
		55EEB5792EFFEAC600030E2A /* AppSettings.swift in Sources */ = {isa = PBXBuildFile; fileRef = 55EEB54C2EFFEAC600030E2A /* AppSettings.swift */; };
		55EEB57A2EFFEAC600030E2A /* OGSModels.swift in Sources */ = {isa = PBXBuildFile; fileRef = 55EEB5502EFFEAC600030E2A /* OGSModels.swift */; };
		55EEB57C2EFFEAC600030E2A /* SGFPlayerCleanApp.swift in Sources */ = {isa = PBXBuildFile; fileRef = 55EEB5552EFFEAC600030E2A /* SGFPlayerCleanApp.swift */; };
		55EEB57D2EFFEAC600030E2A /* FileLoadingService.swift in Sources */ = {isa = PBXBuildFile; fileRef = 55EEB55A2EFFEAC600030E2A /* FileLoadingService.swift */; };
		55EEB57E2EFFEAC600030E2A /* AppModel.swift in Sources */ = {isa = PBXBuildFile; fileRef = 55EEB54B2EFFEAC600030E2A /* AppModel.swift */; };
		55EEB57F2EFFEAC600030E2A /* Logger.swift in Sources */ = {isa = PBXBuildFile; fileRef = 55EEB56D2EFFEAC600030E2A /* Logger.swift */; };
		55EEB5812EFFEAC600030E2A /* SharedOverlays.swift in Sources */ = {isa = PBXBuildFile; fileRef = 55EEB5722EFFEAC600030E2A /* SharedOverlays.swift */; };
		55EEB5842EFFEAC600030E2A /* TimeControlManager.swift in Sources */ = {isa = PBXBuildFile; fileRef = 55EEB5612EFFEAC600030E2A /* TimeControlManager.swift */; };
		55EEB5862EFFEAC600030E2A /* SGFPlayerEngine.swift in Sources */ = {isa = PBXBuildFile; fileRef = 55EEB5562EFFEAC600030E2A /* SGFPlayerEngine.swift */; };
		55EEB5872EFFEAC600030E2A /* StoneView2D.swift in Sources */ = {isa = PBXBuildFile; fileRef = 55EEB5742EFFEAC600030E2A /* StoneView2D.swift */; };
		55EEB5882EFFEAC600030E2A /* ActiveGamePanel.swift in Sources */ = {isa = PBXBuildFile; fileRef = 55EEB5642EFFEAC600030E2A /* ActiveGamePanel.swift */; };
		55EEB5892EFFEAC600030E2A /* DebugOverlay.swift in Sources */ = {isa = PBXBuildFile; fileRef = 55EEB56B2EFFEAC600030E2A /* DebugOverlay.swift */; };
		55EEB58A2EFFEAC600030E2A /* OGSClient.swift in Sources */ = {isa = PBXBuildFile; fileRef = 55EEB55B2EFFEAC600030E2A /* OGSClient.swift */; };
		55EEB58B2EFFEAC600030E2A /* SceneManager3D.swift in Sources */ = {isa = PBXBuildFile; fileRef = 55EEB5512EFFEAC600030E2A /* SceneManager3D.swift */; };
		55EEB58C2EFFEAC600030E2A /* KeyboardShortcuts.swift in Sources */ = {isa = PBXBuildFile; fileRef = 55EEB56C2EFFEAC600030E2A /* KeyboardShortcuts.swift */; };
		55EEB58D2EFFEAC600030E2A /* CameraControlHandler.swift in Sources */ = {isa = PBXBuildFile; fileRef = 55EEB54D2EFFEAC600030E2A /* CameraControlHandler.swift */; };
		55EEB58E2EFFEAC600030E2A /* StoneMeshFactory.swift in Sources */ = {isa = PBXBuildFile; fileRef = 55EEB5582EFFEAC600030E2A /* StoneMeshFactory.swift */; };
		55EEB58F2EFFEAC600030E2A /* OGSBrowserView.swift in Sources */ = {isa = PBXBuildFile; fileRef = 55EEB56E2EFFEAC600030E2A /* OGSBrowserView.swift */; };
		55EEB5902EFFEAC600030E2A /* SimpleBowlView.swift in Sources */ = {isa = PBXBuildFile; fileRef = 55EEB5732EFFEAC600030E2A /* SimpleBowlView.swift */; };
		55EEB5912EFFEAC600030E2A /* SettingsPanel.swift in Sources */ = {isa = PBXBuildFile; fileRef = 55EEB5712EFFEAC600030E2A /* SettingsPanel.swift */; };
		55EEB5922EFFEAC600030E2A /* GameCacheManager.swift in Sources */ = {isa = PBXBuildFile; fileRef = 55EEB55E2EFFEAC600030E2A /* GameCacheManager.swift */; };
		55EEB5932EFFEAC600030E2A /* OGSGameViewModel.swift in Sources */ = {isa = PBXBuildFile; fileRef = 55EEB5602EFFEAC600030E2A /* OGSGameViewModel.swift */; };
		55EEB5942EFFEAC600030E2A /* OGSCreateChallengeView.swift in Sources */ = {isa = PBXBuildFile; fileRef = 55EEB56F2EFFEAC600030E2A /* OGSCreateChallengeView.swift */; };
		55EEB5952EFFEAC600030E2A /* ContentView3D.swift in Sources */ = {isa = PBXBuildFile; fileRef = 55EEB5692EFFEAC600030E2A /* ContentView3D.swift */; };
		55EEB5962EFFEAC600030E2A /* LayoutViewModel.swift in Sources */ = {isa = PBXBuildFile; fileRef = 55EEB55F2EFFEAC600030E2A /* LayoutViewModel.swift */; };
		55EEB5972EFFEAC600030E2A /* BoardView2D.swift in Sources */ = {isa = PBXBuildFile; fileRef = 55EEB5652EFFEAC600030E2A /* BoardView2D.swift */; };
		55EEB5982EFFEAC600030E2A /* DebugDashboard.swift in Sources */ = {isa = PBXBuildFile; fileRef = 55EEB56A2EFFEAC600030E2A /* DebugDashboard.swift */; };
		55EEB5992EFFEAC600030E2A /* StoneJitter.swift in Sources */ = {isa = PBXBuildFile; fileRef = 55EEB5572EFFEAC600030E2A /* StoneJitter.swift */; };
		55EEB59A2EFFEAC600030E2A /* BoardViewModel.swift in Sources */ = {isa = PBXBuildFile; fileRef = 55EEB55D2EFFEAC600030E2A /* BoardViewModel.swift */; };
		55EEB59B2EFFEAC600030E2A /* SupportingViews.swift in Sources */ = {isa = PBXBuildFile; fileRef = 55EEB5752EFFEAC600030E2A /* SupportingViews.swift */; };
		55EEB59C2EFFEAC600030E2A /* ContentView.swift in Sources */ = {isa = PBXBuildFile; fileRef = 55EEB5662EFFEAC600030E2A /* ContentView.swift */; };
		55EEB59D2EFFEAC600030E2A /* ContentView2D.swift in Sources */ = {isa = PBXBuildFile; fileRef = 55EEB5672EFFEAC600030E2A /* ContentView2D.swift */; };
		55EEB59E2EFFEAC600030E2A /* VIEWMODELS_README.md in Resources */ = {isa = PBXBuildFile; fileRef = 55EEB5622EFFEAC600030E2A /* VIEWMODELS_README.md */; };
		55EEB59F2EFFEB2100030E2A /* GameSettings.swift in Sources */ = {isa = PBXBuildFile; fileRef = 55EEB54F2EFFEAC600030E2A /* GameSettings.swift */; };
/* End PBXBuildFile section */

/* Begin PBXFileReference section */
		55B9DD6F2ECEE05200066FA3 /* SGFPlayerClean.app */ = {isa = PBXFileReference; explicitFileType = wrapper.application; includeInIndex = 0; path = SGFPlayerClean.app; sourceTree = BUILT_PRODUCTS_DIR; };
		55EEB4CE2EFFE34000030E2A /* board_kaya.jpg */ = {isa = PBXFileReference; lastKnownFileType = image.jpeg; path = board_kaya.jpg; sourceTree = "<group>"; };
		55EEB4CF2EFFE34000030E2A /* clam_01.png */ = {isa = PBXFileReference; lastKnownFileType = image.png; path = clam_01.png; sourceTree = "<group>"; };
		55EEB4D02EFFE34000030E2A /* clam_02.png */ = {isa = PBXFileReference; lastKnownFileType = image.png; path = clam_02.png; sourceTree = "<group>"; };
		55EEB4D12EFFE34000030E2A /* clam_03.png */ = {isa = PBXFileReference; lastKnownFileType = image.png; path = clam_03.png; sourceTree = "<group>"; };
		55EEB4D22EFFE34000030E2A /* clam_04.png */ = {isa = PBXFileReference; lastKnownFileType = image.png; path = clam_04.png; sourceTree = "<group>"; };
		55EEB4D32EFFE34000030E2A /* clam_05.png */ = {isa = PBXFileReference; lastKnownFileType = image.png; path = clam_05.png; sourceTree = "<group>"; };
		55EEB4D42EFFE34000030E2A /* go_lid_1.png */ = {isa = PBXFileReference; lastKnownFileType = image.png; path = go_lid_1.png; sourceTree = "<group>"; };
		55EEB4D52EFFE34000030E2A /* go_lid_2.png */ = {isa = PBXFileReference; lastKnownFileType = image.png; path = go_lid_2.png; sourceTree = "<group>"; };
		55EEB4D62EFFE34000030E2A /* stone_black.png */ = {isa = PBXFileReference; lastKnownFileType = image.png; path = stone_black.png; sourceTree = "<group>"; };
		55EEB4D72EFFE34000030E2A /* stone_white.png */ = {isa = PBXFileReference; lastKnownFileType = image.png; path = stone_white.png; sourceTree = "<group>"; };
		55EEB4D82EFFE34000030E2A /* tatami.jpg */ = {isa = PBXFileReference; lastKnownFileType = image.jpeg; path = tatami.jpg; sourceTree = "<group>"; };
		55EEB54B2EFFEAC600030E2A /* AppModel.swift */ = {isa = PBXFileReference; lastKnownFileType = sourcecode.swift; path = AppModel.swift; sourceTree = "<group>"; };
		55EEB54C2EFFEAC600030E2A /* AppSettings.swift */ = {isa = PBXFileReference; lastKnownFileType = sourcecode.swift; path = AppSettings.swift; sourceTree = "<group>"; };
		55EEB54D2EFFEAC600030E2A /* CameraControlHandler.swift */ = {isa = PBXFileReference; lastKnownFileType = sourcecode.swift; path = CameraControlHandler.swift; sourceTree = "<group>"; };
		55EEB54E2EFFEAC600030E2A /* DiagnosticTests.swift */ = {isa = PBXFileReference; lastKnownFileType = sourcecode.swift; path = DiagnosticTests.swift; sourceTree = "<group>"; };
		55EEB54F2EFFEAC600030E2A /* GameSettings.swift */ = {isa = PBXFileReference; lastKnownFileType = sourcecode.swift; path = GameSettings.swift; sourceTree = "<group>"; };
		55EEB5502EFFEAC600030E2A /* OGSModels.swift */ = {isa = PBXFileReference; lastKnownFileType = sourcecode.swift; path = OGSModels.swift; sourceTree = "<group>"; };
		55EEB5512EFFEAC600030E2A /* SceneManager3D.swift */ = {isa = PBXFileReference; lastKnownFileType = sourcecode.swift; path = SceneManager3D.swift; sourceTree = "<group>"; };
		55EEB5552EFFEAC600030E2A /* SGFPlayerCleanApp.swift */ = {isa = PBXFileReference; lastKnownFileType = sourcecode.swift; path = SGFPlayerCleanApp.swift; sourceTree = "<group>"; };
		55EEB5562EFFEAC600030E2A /* SGFPlayerEngine.swift */ = {isa = PBXFileReference; lastKnownFileType = sourcecode.swift; path = SGFPlayerEngine.swift; sourceTree = "<group>"; };
		55EEB5572EFFEAC600030E2A /* StoneJitter.swift */ = {isa = PBXFileReference; lastKnownFileType = sourcecode.swift; path = StoneJitter.swift; sourceTree = "<group>"; };
		55EEB5582EFFEAC600030E2A /* StoneMeshFactory.swift */ = {isa = PBXFileReference; lastKnownFileType = sourcecode.swift; path = StoneMeshFactory.swift; sourceTree = "<group>"; };
		55EEB55A2EFFEAC600030E2A /* FileLoadingService.swift */ = {isa = PBXFileReference; lastKnownFileType = sourcecode.swift; path = FileLoadingService.swift; sourceTree = "<group>"; };
		55EEB55B2EFFEAC600030E2A /* OGSClient.swift */ = {isa = PBXFileReference; lastKnownFileType = sourcecode.swift; path = OGSClient.swift; sourceTree = "<group>"; };
		55EEB55D2EFFEAC600030E2A /* BoardViewModel.swift */ = {isa = PBXFileReference; lastKnownFileType = sourcecode.swift; path = BoardViewModel.swift; sourceTree = "<group>"; };
		55EEB55E2EFFEAC600030E2A /* GameCacheManager.swift */ = {isa = PBXFileReference; lastKnownFileType = sourcecode.swift; path = GameCacheManager.swift; sourceTree = "<group>"; };
		55EEB55F2EFFEAC600030E2A /* LayoutViewModel.swift */ = {isa = PBXFileReference; lastKnownFileType = sourcecode.swift; path = LayoutViewModel.swift; sourceTree = "<group>"; };
		55EEB5602EFFEAC600030E2A /* OGSGameViewModel.swift */ = {isa = PBXFileReference; lastKnownFileType = sourcecode.swift; path = OGSGameViewModel.swift; sourceTree = "<group>"; };
		55EEB5612EFFEAC600030E2A /* TimeControlManager.swift */ = {isa = PBXFileReference; lastKnownFileType = sourcecode.swift; path = TimeControlManager.swift; sourceTree = "<group>"; };
		55EEB5622EFFEAC600030E2A /* VIEWMODELS_README.md */ = {isa = PBXFileReference; lastKnownFileType = net.daringfireball.markdown; path = VIEWMODELS_README.md; sourceTree = "<group>"; };
		55EEB5642EFFEAC600030E2A /* ActiveGamePanel.swift */ = {isa = PBXFileReference; lastKnownFileType = sourcecode.swift; path = ActiveGamePanel.swift; sourceTree = "<group>"; };
		55EEB5652EFFEAC600030E2A /* BoardView2D.swift */ = {isa = PBXFileReference; lastKnownFileType = sourcecode.swift; path = BoardView2D.swift; sourceTree = "<group>"; };
		55EEB5662EFFEAC600030E2A /* ContentView.swift */ = {isa = PBXFileReference; lastKnownFileType = sourcecode.swift; path = ContentView.swift; sourceTree = "<group>"; };
		55EEB5672EFFEAC600030E2A /* ContentView2D.swift */ = {isa = PBXFileReference; lastKnownFileType = sourcecode.swift; path = ContentView2D.swift; sourceTree = "<group>"; };
		55EEB5692EFFEAC600030E2A /* ContentView3D.swift */ = {isa = PBXFileReference; lastKnownFileType = sourcecode.swift; path = ContentView3D.swift; sourceTree = "<group>"; };
		55EEB56A2EFFEAC600030E2A /* DebugDashboard.swift */ = {isa = PBXFileReference; lastKnownFileType = sourcecode.swift; path = DebugDashboard.swift; sourceTree = "<group>"; };
		55EEB56B2EFFEAC600030E2A /* DebugOverlay.swift */ = {isa = PBXFileReference; lastKnownFileType = sourcecode.swift; path = DebugOverlay.swift; sourceTree = "<group>"; };
		55EEB56C2EFFEAC600030E2A /* KeyboardShortcuts.swift */ = {isa = PBXFileReference; lastKnownFileType = sourcecode.swift; path = KeyboardShortcuts.swift; sourceTree = "<group>"; };
		55EEB56D2EFFEAC600030E2A /* Logger.swift */ = {isa = PBXFileReference; lastKnownFileType = sourcecode.swift; path = Logger.swift; sourceTree = "<group>"; };
		55EEB56E2EFFEAC600030E2A /* OGSBrowserView.swift */ = {isa = PBXFileReference; lastKnownFileType = sourcecode.swift; path = OGSBrowserView.swift; sourceTree = "<group>"; };
		55EEB56F2EFFEAC600030E2A /* OGSCreateChallengeView.swift */ = {isa = PBXFileReference; lastKnownFileType = sourcecode.swift; path = OGSCreateChallengeView.swift; sourceTree = "<group>"; };
		55EEB5702EFFEAC600030E2A /* RightPanelView.swift */ = {isa = PBXFileReference; lastKnownFileType = sourcecode.swift; path = RightPanelView.swift; sourceTree = "<group>"; };
		55EEB5712EFFEAC600030E2A /* SettingsPanel.swift */ = {isa = PBXFileReference; lastKnownFileType = sourcecode.swift; path = SettingsPanel.swift; sourceTree = "<group>"; };
		55EEB5722EFFEAC600030E2A /* SharedOverlays.swift */ = {isa = PBXFileReference; lastKnownFileType = sourcecode.swift; path = SharedOverlays.swift; sourceTree = "<group>"; };
		55EEB5732EFFEAC600030E2A /* SimpleBowlView.swift */ = {isa = PBXFileReference; lastKnownFileType = sourcecode.swift; path = SimpleBowlView.swift; sourceTree = "<group>"; };
		55EEB5742EFFEAC600030E2A /* StoneView2D.swift */ = {isa = PBXFileReference; lastKnownFileType = sourcecode.swift; path = StoneView2D.swift; sourceTree = "<group>"; };
		55EEB5752EFFEAC600030E2A /* SupportingViews.swift */ = {isa = PBXFileReference; lastKnownFileType = sourcecode.swift; path = SupportingViews.swift; sourceTree = "<group>"; };
		55EEB5A42F0118D400030E2A /* SGFPlayerClean.entitlements */ = {isa = PBXFileReference; lastKnownFileType = text.plist.entitlements; path = SGFPlayerClean.entitlements; sourceTree = "<group>"; };
/* End PBXFileReference section */

/* Begin PBXFrameworksBuildPhase section */
		55B9DD6C2ECEE05200066FA3 /* Frameworks */ = {
			isa = PBXFrameworksBuildPhase;
			buildActionMask = 2147483647;
			files = (
			);
			runOnlyForDeploymentPostprocessing = 0;
		};
/* End PBXFrameworksBuildPhase section */

/* Begin PBXGroup section */
		55B9DD662ECEE05200066FA3 = {
			isa = PBXGroup;
			children = (
				55EEB5592EFFEAC600030E2A /* Models */,
				55EEB55C2EFFEAC600030E2A /* Services */,
				55EEB5632EFFEAC600030E2A /* ViewModels */,
				55EEB5762EFFEAC600030E2A /* Views */,
				55EEB4D92EFFE34000030E2A /* Assets */,
				55B9DD702ECEE05200066FA3 /* Products */,
			);
			sourceTree = "<group>";
		};
		55B9DD702ECEE05200066FA3 /* Products */ = {
			isa = PBXGroup;
			children = (
				55B9DD6F2ECEE05200066FA3 /* SGFPlayerClean.app */,
			);
			name = Products;
			sourceTree = "<group>";
		};
		55EEB4D92EFFE34000030E2A /* Assets */ = {
			isa = PBXGroup;
			children = (
				55EEB4CE2EFFE34000030E2A /* board_kaya.jpg */,
				55EEB4CF2EFFE34000030E2A /* clam_01.png */,
				55EEB4D02EFFE34000030E2A /* clam_02.png */,
				55EEB4D12EFFE34000030E2A /* clam_03.png */,
				55EEB4D22EFFE34000030E2A /* clam_04.png */,
				55EEB4D32EFFE34000030E2A /* clam_05.png */,
				55EEB4D42EFFE34000030E2A /* go_lid_1.png */,
				55EEB4D52EFFE34000030E2A /* go_lid_2.png */,
				55EEB4D62EFFE34000030E2A /* stone_black.png */,
				55EEB4D72EFFE34000030E2A /* stone_white.png */,
				55EEB4D82EFFE34000030E2A /* tatami.jpg */,
			);
			path = Assets;
			sourceTree = "<group>";
		};
		55EEB5592EFFEAC600030E2A /* Models */ = {
			isa = PBXGroup;
			children = (
				55EEB5A42F0118D400030E2A /* SGFPlayerClean.entitlements */,
				55EEB54B2EFFEAC600030E2A /* AppModel.swift */,
				55EEB54C2EFFEAC600030E2A /* AppSettings.swift */,
				55EEB54D2EFFEAC600030E2A /* CameraControlHandler.swift */,
				55EEB54E2EFFEAC600030E2A /* DiagnosticTests.swift */,
				55EEB54F2EFFEAC600030E2A /* GameSettings.swift */,
				55EEB5502EFFEAC600030E2A /* OGSModels.swift */,
				55EEB5512EFFEAC600030E2A /* SceneManager3D.swift */,
				55EEB5552EFFEAC600030E2A /* SGFPlayerCleanApp.swift */,
				55EEB5562EFFEAC600030E2A /* SGFPlayerEngine.swift */,
				55EEB5572EFFEAC600030E2A /* StoneJitter.swift */,
				55EEB5582EFFEAC600030E2A /* StoneMeshFactory.swift */,
			);
			path = Models;
			sourceTree = "<group>";
		};
		55EEB55C2EFFEAC600030E2A /* Services */ = {
			isa = PBXGroup;
			children = (
				55EEB55A2EFFEAC600030E2A /* FileLoadingService.swift */,
				55EEB55B2EFFEAC600030E2A /* OGSClient.swift */,
			);
			path = Services;
			sourceTree = "<group>";
		};
		55EEB5632EFFEAC600030E2A /* ViewModels */ = {
			isa = PBXGroup;
			children = (
				55EEB55D2EFFEAC600030E2A /* BoardViewModel.swift */,
				55EEB55E2EFFEAC600030E2A /* GameCacheManager.swift */,
				55EEB55F2EFFEAC600030E2A /* LayoutViewModel.swift */,
				55EEB5602EFFEAC600030E2A /* OGSGameViewModel.swift */,
				55EEB5612EFFEAC600030E2A /* TimeControlManager.swift */,
				55EEB5622EFFEAC600030E2A /* VIEWMODELS_README.md */,
			);
			path = ViewModels;
			sourceTree = "<group>";
		};
		55EEB5762EFFEAC600030E2A /* Views */ = {
			isa = PBXGroup;
			children = (
				55EEB5642EFFEAC600030E2A /* ActiveGamePanel.swift */,
				55EEB5652EFFEAC600030E2A /* BoardView2D.swift */,
				55EEB5662EFFEAC600030E2A /* ContentView.swift */,
				55EEB5672EFFEAC600030E2A /* ContentView2D.swift */,
				55EEB5692EFFEAC600030E2A /* ContentView3D.swift */,
				55EEB56A2EFFEAC600030E2A /* DebugDashboard.swift */,
				55EEB56B2EFFEAC600030E2A /* DebugOverlay.swift */,
				55EEB56C2EFFEAC600030E2A /* KeyboardShortcuts.swift */,
				55EEB56D2EFFEAC600030E2A /* Logger.swift */,
				55EEB56E2EFFEAC600030E2A /* OGSBrowserView.swift */,
				55EEB56F2EFFEAC600030E2A /* OGSCreateChallengeView.swift */,
				55EEB5702EFFEAC600030E2A /* RightPanelView.swift */,
				55EEB5712EFFEAC600030E2A /* SettingsPanel.swift */,
				55EEB5722EFFEAC600030E2A /* SharedOverlays.swift */,
				55EEB5732EFFEAC600030E2A /* SimpleBowlView.swift */,
				55EEB5742EFFEAC600030E2A /* StoneView2D.swift */,
				55EEB5752EFFEAC600030E2A /* SupportingViews.swift */,
			);
			path = Views;
			sourceTree = "<group>";
		};
/* End PBXGroup section */

/* Begin PBXNativeTarget section */
		55B9DD6E2ECEE05200066FA3 /* SGFPlayerClean */ = {
			isa = PBXNativeTarget;
			buildConfigurationList = 55B9DD912ECEE05400066FA3 /* Build configuration list for PBXNativeTarget "SGFPlayerClean" */;
			buildPhases = (
				55B9DD6B2ECEE05200066FA3 /* Sources */,
				55B9DD6C2ECEE05200066FA3 /* Frameworks */,
				55B9DD6D2ECEE05200066FA3 /* Resources */,
			);
			buildRules = (
			);
			dependencies = (
			);
			name = SGFPlayerClean;
			packageProductDependencies = (
			);
			productName = SGFPlayerClean;
			productReference = 55B9DD6F2ECEE05200066FA3 /* SGFPlayerClean.app */;
			productType = "com.apple.product-type.application";
		};
/* End PBXNativeTarget section */

/* Begin PBXProject section */
		55B9DD672ECEE05200066FA3 /* Project object */ = {
			isa = PBXProject;
			attributes = {
				BuildIndependentTargetsInParallel = 1;
				LastSwiftUpdateCheck = 1640;
				LastUpgradeCheck = 1640;
				TargetAttributes = {
					55B9DD6E2ECEE05200066FA3 = {
						CreatedOnToolsVersion = 16.4;
					};
				};
			};
			buildConfigurationList = 55B9DD6A2ECEE05200066FA3 /* Build configuration list for PBXProject "SGFPlayerClean" */;
			developmentRegion = en;
			hasScannedForEncodings = 0;
			knownRegions = (
				en,
				Base,
			);
			mainGroup = 55B9DD662ECEE05200066FA3;
			minimizedProjectReferenceProxies = 1;
			preferredProjectObjectVersion = 77;
			productRefGroup = 55B9DD702ECEE05200066FA3 /* Products */;
			projectDirPath = "";
			projectRoot = "";
			targets = (
				55B9DD6E2ECEE05200066FA3 /* SGFPlayerClean */,
			);
		};
/* End PBXProject section */

/* Begin PBXResourcesBuildPhase section */
		55B9DD6D2ECEE05200066FA3 /* Resources */ = {
			isa = PBXResourcesBuildPhase;
			buildActionMask = 2147483647;
			files = (
				55EEB5352EFFE34000030E2A /* clam_05.png in Resources */,
				55EEB5362EFFE34000030E2A /* stone_white.png in Resources */,
				55EEB5372EFFE34000030E2A /* clam_04.png in Resources */,
				55EEB5382EFFE34000030E2A /* clam_03.png in Resources */,
				55EEB5392EFFE34000030E2A /* go_lid_2.png in Resources */,
				55EEB53A2EFFE34000030E2A /* stone_black.png in Resources */,
				55EEB53C2EFFE34000030E2A /* clam_01.png in Resources */,
				55EEB59E2EFFEAC600030E2A /* VIEWMODELS_README.md in Resources */,
				55EEB53D2EFFE34000030E2A /* clam_02.png in Resources */,
				55EEB53E2EFFE34000030E2A /* go_lid_1.png in Resources */,
				55EEB53F2EFFE34000030E2A /* board_kaya.jpg in Resources */,
				55EEB5402EFFE34000030E2A /* tatami.jpg in Resources */,
			);
			runOnlyForDeploymentPostprocessing = 0;
		};
/* End PBXResourcesBuildPhase section */

/* Begin PBXSourcesBuildPhase section */
		55B9DD6B2ECEE05200066FA3 /* Sources */ = {
			isa = PBXSourcesBuildPhase;
			buildActionMask = 2147483647;
			files = (
				55EEB5772EFFEAC600030E2A /* RightPanelView.swift in Sources */,
				55EEB5782EFFEAC600030E2A /* DiagnosticTests.swift in Sources */,
				55EEB5792EFFEAC600030E2A /* AppSettings.swift in Sources */,
				55EEB57A2EFFEAC600030E2A /* OGSModels.swift in Sources */,
				55EEB57C2EFFEAC600030E2A /* SGFPlayerCleanApp.swift in Sources */,
				55EEB57D2EFFEAC600030E2A /* FileLoadingService.swift in Sources */,
				55EEB57E2EFFEAC600030E2A /* AppModel.swift in Sources */,
				55EEB57F2EFFEAC600030E2A /* Logger.swift in Sources */,
				55EEB5812EFFEAC600030E2A /* SharedOverlays.swift in Sources */,
				55EEB5842EFFEAC600030E2A /* TimeControlManager.swift in Sources */,
				55EEB5862EFFEAC600030E2A /* SGFPlayerEngine.swift in Sources */,
				55EEB5872EFFEAC600030E2A /* StoneView2D.swift in Sources */,
				55EEB5882EFFEAC600030E2A /* ActiveGamePanel.swift in Sources */,
				55EEB5892EFFEAC600030E2A /* DebugOverlay.swift in Sources */,
				55EEB58A2EFFEAC600030E2A /* OGSClient.swift in Sources */,
				55EEB59F2EFFEB2100030E2A /* GameSettings.swift in Sources */,
				55EEB58B2EFFEAC600030E2A /* SceneManager3D.swift in Sources */,
				55EEB58C2EFFEAC600030E2A /* KeyboardShortcuts.swift in Sources */,
				55EEB58D2EFFEAC600030E2A /* CameraControlHandler.swift in Sources */,
				55EEB58E2EFFEAC600030E2A /* StoneMeshFactory.swift in Sources */,
				55EEB58F2EFFEAC600030E2A /* OGSBrowserView.swift in Sources */,
				55EEB5902EFFEAC600030E2A /* SimpleBowlView.swift in Sources */,
				55EEB5912EFFEAC600030E2A /* SettingsPanel.swift in Sources */,
				55EEB5922EFFEAC600030E2A /* GameCacheManager.swift in Sources */,
				55EEB5932EFFEAC600030E2A /* OGSGameViewModel.swift in Sources */,
				55EEB5942EFFEAC600030E2A /* OGSCreateChallengeView.swift in Sources */,
				55EEB5952EFFEAC600030E2A /* ContentView3D.swift in Sources */,
				55EEB5962EFFEAC600030E2A /* LayoutViewModel.swift in Sources */,
				55EEB5972EFFEAC600030E2A /* BoardView2D.swift in Sources */,
				55EEB5982EFFEAC600030E2A /* DebugDashboard.swift in Sources */,
				55EEB5992EFFEAC600030E2A /* StoneJitter.swift in Sources */,
				55EEB59A2EFFEAC600030E2A /* BoardViewModel.swift in Sources */,
				55EEB59B2EFFEAC600030E2A /* SupportingViews.swift in Sources */,
				55EEB59C2EFFEAC600030E2A /* ContentView.swift in Sources */,
				55EEB59D2EFFEAC600030E2A /* ContentView2D.swift in Sources */,
			);
			runOnlyForDeploymentPostprocessing = 0;
		};
/* End PBXSourcesBuildPhase section */

/* Begin XCBuildConfiguration section */
		55B9DD8F2ECEE05400066FA3 /* Debug */ = {
			isa = XCBuildConfiguration;
			buildSettings = {
				ALWAYS_SEARCH_USER_PATHS = NO;
				ASSETCATALOG_COMPILER_GENERATE_SWIFT_ASSET_SYMBOL_EXTENSIONS = YES;
				CLANG_ANALYZER_NONNULL = YES;
				CLANG_ANALYZER_NUMBER_OBJECT_CONVERSION = YES_AGGRESSIVE;
				CLANG_CXX_LANGUAGE_STANDARD = "gnu++20";
				CLANG_ENABLE_MODULES = YES;
				CLANG_ENABLE_OBJC_ARC = YES;
				CLANG_ENABLE_OBJC_WEAK = YES;
				CLANG_WARN_BLOCK_CAPTURE_AUTORELEASING = YES;
				CLANG_WARN_BOOL_CONVERSION = YES;
				CLANG_WARN_COMMA = YES;
				CLANG_WARN_CONSTANT_CONVERSION = YES;
				CLANG_WARN_DEPRECATED_OBJC_IMPLEMENTATIONS = YES;
				CLANG_WARN_DIRECT_OBJC_ISA_USAGE = YES_ERROR;
				CLANG_WARN_DOCUMENTATION_COMMENTS = YES;
				CLANG_WARN_EMPTY_BODY = YES;
				CLANG_WARN_ENUM_CONVERSION = YES;
				CLANG_WARN_INFINITE_RECURSION = YES;
				CLANG_WARN_INT_CONVERSION = YES;
				CLANG_WARN_NON_LITERAL_NULL_CONVERSION = YES;
				CLANG_WARN_OBJC_IMPLICIT_RETAIN_SELF = YES;
				CLANG_WARN_OBJC_LITERAL_CONVERSION = YES;
				CLANG_WARN_OBJC_ROOT_CLASS = YES_ERROR;
				CLANG_WARN_QUOTED_INCLUDE_IN_FRAMEWORK_HEADER = YES;
				CLANG_WARN_RANGE_LOOP_ANALYSIS = YES;
				CLANG_WARN_STRICT_PROTOTYPES = YES;
				CLANG_WARN_SUSPICIOUS_MOVE = YES;
				CLANG_WARN_UNGUARDED_AVAILABILITY = YES_AGGRESSIVE;
				CLANG_WARN_UNREACHABLE_CODE = YES;
				CLANG_WARN__DUPLICATE_METHOD_MATCH = YES;
				COPY_PHASE_STRIP = NO;
				DEBUG_INFORMATION_FORMAT = dwarf;
				ENABLE_STRICT_OBJC_MSGSEND = YES;
				ENABLE_TESTABILITY = YES;
				ENABLE_USER_SCRIPT_SANDBOXING = YES;
				GCC_C_LANGUAGE_STANDARD = gnu17;
				GCC_DYNAMIC_NO_PIC = NO;
				GCC_NO_COMMON_BLOCKS = YES;
				GCC_OPTIMIZATION_LEVEL = 0;
				GCC_PREPROCESSOR_DEFINITIONS = (
					"DEBUG=1",
					"$(inherited)",
				);
				GCC_WARN_64_TO_32_BIT_CONVERSION = YES;
				GCC_WARN_ABOUT_RETURN_TYPE = YES_ERROR;
				GCC_WARN_UNDECLARED_SELECTOR = YES;
				GCC_WARN_UNINITIALIZED_AUTOS = YES_AGGRESSIVE;
				GCC_WARN_UNUSED_FUNCTION = YES;
				GCC_WARN_UNUSED_VARIABLE = YES;
				LOCALIZATION_PREFERS_STRING_CATALOGS = YES;
				MACOSX_DEPLOYMENT_TARGET = 15.5;
				MTL_ENABLE_DEBUG_INFO = INCLUDE_SOURCE;
				MTL_FAST_MATH = YES;
				ONLY_ACTIVE_ARCH = YES;
				SDKROOT = macosx;
				SWIFT_ACTIVE_COMPILATION_CONDITIONS = "DEBUG $(inherited)";
				SWIFT_OPTIMIZATION_LEVEL = "-Onone";
			};
			name = Debug;
		};
		55B9DD902ECEE05400066FA3 /* Release */ = {
			isa = XCBuildConfiguration;
			buildSettings = {
				ALWAYS_SEARCH_USER_PATHS = NO;
				ASSETCATALOG_COMPILER_GENERATE_SWIFT_ASSET_SYMBOL_EXTENSIONS = YES;
				CLANG_ANALYZER_NONNULL = YES;
				CLANG_ANALYZER_NUMBER_OBJECT_CONVERSION = YES_AGGRESSIVE;
				CLANG_CXX_LANGUAGE_STANDARD = "gnu++20";
				CLANG_ENABLE_MODULES = YES;
				CLANG_ENABLE_OBJC_ARC = YES;
				CLANG_ENABLE_OBJC_WEAK = YES;
				CLANG_WARN_BLOCK_CAPTURE_AUTORELEASING = YES;
				CLANG_WARN_BOOL_CONVERSION = YES;
				CLANG_WARN_COMMA = YES;
				CLANG_WARN_CONSTANT_CONVERSION = YES;
				CLANG_WARN_DEPRECATED_OBJC_IMPLEMENTATIONS = YES;
				CLANG_WARN_DIRECT_OBJC_ISA_USAGE = YES_ERROR;
				CLANG_WARN_DOCUMENTATION_COMMENTS = YES;
				CLANG_WARN_EMPTY_BODY = YES;
				CLANG_WARN_ENUM_CONVERSION = YES;
				CLANG_WARN_INFINITE_RECURSION = YES;
				CLANG_WARN_INT_CONVERSION = YES;
				CLANG_WARN_NON_LITERAL_NULL_CONVERSION = YES;
				CLANG_WARN_OBJC_IMPLICIT_RETAIN_SELF = YES;
				CLANG_WARN_OBJC_LITERAL_CONVERSION = YES;
				CLANG_WARN_OBJC_ROOT_CLASS = YES_ERROR;
				CLANG_WARN_QUOTED_INCLUDE_IN_FRAMEWORK_HEADER = YES;
				CLANG_WARN_RANGE_LOOP_ANALYSIS = YES;
				CLANG_WARN_STRICT_PROTOTYPES = YES;
				CLANG_WARN_SUSPICIOUS_MOVE = YES;
				CLANG_WARN_UNGUARDED_AVAILABILITY = YES_AGGRESSIVE;
				CLANG_WARN_UNREACHABLE_CODE = YES;
				CLANG_WARN__DUPLICATE_METHOD_MATCH = YES;
				COPY_PHASE_STRIP = NO;
				DEBUG_INFORMATION_FORMAT = "dwarf-with-dsym";
				ENABLE_NS_ASSERTIONS = NO;
				ENABLE_STRICT_OBJC_MSGSEND = YES;
				ENABLE_USER_SCRIPT_SANDBOXING = YES;
				GCC_C_LANGUAGE_STANDARD = gnu17;
				GCC_NO_COMMON_BLOCKS = YES;
				GCC_WARN_64_TO_32_BIT_CONVERSION = YES;
				GCC_WARN_ABOUT_RETURN_TYPE = YES_ERROR;
				GCC_WARN_UNDECLARED_SELECTOR = YES;
				GCC_WARN_UNINITIALIZED_AUTOS = YES_AGGRESSIVE;
				GCC_WARN_UNUSED_FUNCTION = YES;
				GCC_WARN_UNUSED_VARIABLE = YES;
				LOCALIZATION_PREFERS_STRING_CATALOGS = YES;
				MACOSX_DEPLOYMENT_TARGET = 15.5;
				MTL_ENABLE_DEBUG_INFO = NO;
				MTL_FAST_MATH = YES;
				SDKROOT = macosx;
				SWIFT_COMPILATION_MODE = wholemodule;
			};
			name = Release;
		};
		55B9DD922ECEE05400066FA3 /* Debug */ = {
			isa = XCBuildConfiguration;
			buildSettings = {
				ASSETCATALOG_COMPILER_APPICON_NAME = AppIcon;
				ASSETCATALOG_COMPILER_GLOBAL_ACCENT_COLOR_NAME = AccentColor;
				CODE_SIGN_ENTITLEMENTS = Models/SGFPlayerClean.entitlements;
				CODE_SIGN_STYLE = Automatic;
				COMBINE_HIDPI_IMAGES = YES;
				CURRENT_PROJECT_VERSION = 1;
				ENABLE_PREVIEWS = YES;
				GENERATE_INFOPLIST_FILE = YES;
				INFOPLIST_KEY_NSHumanReadableCopyright = "";
				LD_RUNPATH_SEARCH_PATHS = (
					"$(inherited)",
					"@executable_path/../Frameworks",
				);
				MARKETING_VERSION = 1.0;
				PRODUCT_BUNDLE_IDENTIFIER = com.davemarvit.SGFPlayerClean;
				PRODUCT_NAME = "$(TARGET_NAME)";
				REGISTER_APP_GROUPS = YES;
				SWIFT_EMIT_LOC_STRINGS = YES;
				SWIFT_VERSION = 5.0;
			};
			name = Debug;
		};
		55B9DD932ECEE05400066FA3 /* Release */ = {
			isa = XCBuildConfiguration;
			buildSettings = {
				ASSETCATALOG_COMPILER_APPICON_NAME = AppIcon;
				ASSETCATALOG_COMPILER_GLOBAL_ACCENT_COLOR_NAME = AccentColor;
				CODE_SIGN_ENTITLEMENTS = Models/SGFPlayerClean.entitlements;
				CODE_SIGN_STYLE = Automatic;
				COMBINE_HIDPI_IMAGES = YES;
				CURRENT_PROJECT_VERSION = 1;
				ENABLE_PREVIEWS = YES;
				GENERATE_INFOPLIST_FILE = YES;
				INFOPLIST_KEY_NSHumanReadableCopyright = "";
				LD_RUNPATH_SEARCH_PATHS = (
					"$(inherited)",
					"@executable_path/../Frameworks",
				);
				MARKETING_VERSION = 1.0;
				PRODUCT_BUNDLE_IDENTIFIER = com.davemarvit.SGFPlayerClean;
				PRODUCT_NAME = "$(TARGET_NAME)";
				REGISTER_APP_GROUPS = YES;
				SWIFT_EMIT_LOC_STRINGS = YES;
				SWIFT_VERSION = 5.0;
			};
			name = Release;
		};
/* End XCBuildConfiguration section */

/* Begin XCConfigurationList section */
		55B9DD6A2ECEE05200066FA3 /* Build configuration list for PBXProject "SGFPlayerClean" */ = {
			isa = XCConfigurationList;
			buildConfigurations = (
				55B9DD8F2ECEE05400066FA3 /* Debug */,
				55B9DD902ECEE05400066FA3 /* Release */,
			);
			defaultConfigurationIsVisible = 0;
			defaultConfigurationName = Release;
		};
		55B9DD912ECEE05400066FA3 /* Build configuration list for PBXNativeTarget "SGFPlayerClean" */ = {
			isa = XCConfigurationList;
			buildConfigurations = (
				55B9DD922ECEE05400066FA3 /* Debug */,
				55B9DD932ECEE05400066FA3 /* Release */,
			);
			defaultConfigurationIsVisible = 0;
			defaultConfigurationName = Release;
		};
/* End XCConfigurationList section */
	};
	rootObject = 55B9DD672ECEE05200066FA3 /* Project object */;
}
